
Microsoft Visual Studio Solution File, Format Version 12.00
# Visual Studio 15
VisualStudioVersion = 15.0.27130.2027
MinimumVisualStudioVersion = 10.0.40219.1
Project("{FAE04EC0-301F-11D3-BF4B-00C04F79EFBC}") = "WindowsService", "WindowsService\WindowsService.csproj", "{38A2AC14-B745-4F39-A077-89CEDAE44E7C}"
EndProject
Project("{FAE04EC0-301F-11D3-BF4B-00C04F79EFBC}") = "ServiceConfiguration", "ServiceConfiguration\ServiceConfiguration\ServiceConfiguration.csproj", "{71C497BB-2B8C-466C-BD07-E8AA6A2ED8D0}"
EndProject
Project("{FAE04EC0-301F-11D3-BF4B-00C04F79EFBC}") = "LocalMachine", "..\..\ClassLibrary\LocalMachine\LocalMachine\LocalMachine.csproj", "{E77030F0-7EE2-4471-8736-F9D1F7B46E3D}"
EndProject
Project("{FAE04EC0-301F-11D3-BF4B-00C04F79EFBC}") = "Logging", "..\..\ClassLibrary\Logging\Logging\Logging.csproj", "{ADE3DAA1-FC56-4C3F-AA65-4B70B3C6BC6F}"
EndProject
Project("{FAE04EC0-301F-11D3-BF4B-00C04F79EFBC}") = "XmlConfiguration", "..\..\ClassLibrary\XmlConfiguration\XmlConfiguration\XmlConfiguration.csproj", "{72E2002F-C2CD-4F32-B67A-AF24F5F031EB}"
EndProject
Global
	GlobalSection(SolutionConfigurationPlatforms) = preSolution
		Debug|Any CPU = Debug|Any CPU
		Release|Any CPU = Release|Any CPU
		Description = STV basic service.
	EndGlobalSection
	GlobalSection(ProjectConfigurationPlatforms) = postSolution
		{38A2AC14-B745-4F39-A077-89CEDAE44E7C}.Debug|Any CPU.ActiveCfg = Debug|Any CPU
		{38A2AC14-B745-4F39-A077-89CEDAE44E7C}.Debug|Any CPU.Build.0 = Debug|Any CPU
		{38A2AC14-B745-4F39-A077-89CEDAE44E7C}.Release|Any CPU.ActiveCfg = Release|Any CPU
		{38A2AC14-B745-4F39-A077-89CEDAE44E7C}.Release|Any CPU.Build.0 = Release|Any CPU
		{71C497BB-2B8C-466C-BD07-E8AA6A2ED8D0}.Debug|Any CPU.ActiveCfg = Debug|Any CPU
		{71C497BB-2B8C-466C-BD07-E8AA6A2ED8D0}.Debug|Any CPU.Build.0 = Debug|Any CPU
		{71C497BB-2B8C-466C-BD07-E8AA6A2ED8D0}.Release|Any CPU.ActiveCfg = Release|Any CPU
		{71C497BB-2B8C-466C-BD07-E8AA6A2ED8D0}.Release|Any CPU.Build.0 = Release|Any CPU
		{E77030F0-7EE2-4471-8736-F9D1F7B46E3D}.Debug|Any CPU.ActiveCfg = Debug|Any CPU
		{E77030F0-7EE2-4471-8736-F9D1F7B46E3D}.Debug|Any CPU.Build.0 = Debug|Any CPU
		{E77030F0-7EE2-4471-8736-F9D1F7B46E3D}.Release|Any CPU.ActiveCfg = Release|Any CPU
		{E77030F0-7EE2-4471-8736-F9D1F7B46E3D}.Release|Any CPU.Build.0 = Release|Any CPU
		{ADE3DAA1-FC56-4C3F-AA65-4B70B3C6BC6F}.Debug|Any CPU.ActiveCfg = Debug|Any CPU
		{ADE3DAA1-FC56-4C3F-AA65-4B70B3C6BC6F}.Debug|Any CPU.Build.0 = Debug|Any CPU
		{ADE3DAA1-FC56-4C3F-AA65-4B70B3C6BC6F}.Release|Any CPU.ActiveCfg = Release|Any CPU
		{ADE3DAA1-FC56-4C3F-AA65-4B70B3C6BC6F}.Release|Any CPU.Build.0 = Release|Any CPU
		{72E2002F-C2CD-4F32-B67A-AF24F5F031EB}.Debug|Any CPU.ActiveCfg = Debug|Any CPU
		{72E2002F-C2CD-4F32-B67A-AF24F5F031EB}.Debug|Any CPU.Build.0 = Debug|Any CPU
		{72E2002F-C2CD-4F32-B67A-AF24F5F031EB}.Release|Any CPU.ActiveCfg = Release|Any CPU
		{72E2002F-C2CD-4F32-B67A-AF24F5F031EB}.Release|Any CPU.Build.0 = Release|Any CPU
	EndGlobalSection
	GlobalSection(SolutionProperties) = preSolution
		HideSolutionNode = FALSE
	EndGlobalSection
	GlobalSection(ExtensibilityGlobals) = postSolution
		SolutionGuid = {0C0C0AFB-34C3-47D1-8C4F-84E9F958CA14}
	EndGlobalSection
EndGlobal
