
Microsoft Visual Studio Solution File, Format Version 12.00
# Visual Studio 15
VisualStudioVersion = 15.0.27004.2008
MinimumVisualStudioVersion = 10.0.40219.1
Project("{FAE04EC0-301F-11D3-BF4B-00C04F79EFBC}") = "Service", "Service\Service.csproj", "{23C4EB0D-C7FD-4F1E-A3EB-7826F45FA20D}"
EndProject
Project("{FAE04EC0-301F-11D3-BF4B-00C04F79EFBC}") = "Base", "..\Base\Base\Base\Base.csproj", "{8C3EC555-7665-45A4-B776-083EEEA16A2F}"
EndProject
Project("{FAE04EC0-301F-11D3-BF4B-00C04F79EFBC}") = "DataConn", "..\ClassLibrary\DataConn\DataConn\DataConn.csproj", "{26B53F7F-CCDC-4BC6-9961-66D9203F2AC0}"
EndProject
Project("{FAE04EC0-301F-11D3-BF4B-00C04F79EFBC}") = "Utilities", "..\ClassLibrary\Utilities\Utilities\Utilities.csproj", "{5871EBBC-A7A5-4B72-9C03-210AE598CDF1}"
EndProject
Global
	GlobalSection(SolutionConfigurationPlatforms) = preSolution
		Debug|Any CPU = Debug|Any CPU
		Release|Any CPU = Release|Any CPU
	EndGlobalSection
	GlobalSection(ProjectConfigurationPlatforms) = postSolution
		{23C4EB0D-C7FD-4F1E-A3EB-7826F45FA20D}.Debug|Any CPU.ActiveCfg = Debug|Any CPU
		{23C4EB0D-C7FD-4F1E-A3EB-7826F45FA20D}.Debug|Any CPU.Build.0 = Debug|Any CPU
		{23C4EB0D-C7FD-4F1E-A3EB-7826F45FA20D}.Release|Any CPU.ActiveCfg = Release|Any CPU
		{23C4EB0D-C7FD-4F1E-A3EB-7826F45FA20D}.Release|Any CPU.Build.0 = Release|Any CPU
		{8C3EC555-7665-45A4-B776-083EEEA16A2F}.Debug|Any CPU.ActiveCfg = Debug|Any CPU
		{8C3EC555-7665-45A4-B776-083EEEA16A2F}.Debug|Any CPU.Build.0 = Debug|Any CPU
		{8C3EC555-7665-45A4-B776-083EEEA16A2F}.Release|Any CPU.ActiveCfg = Release|Any CPU
		{8C3EC555-7665-45A4-B776-083EEEA16A2F}.Release|Any CPU.Build.0 = Release|Any CPU
		{26B53F7F-CCDC-4BC6-9961-66D9203F2AC0}.Debug|Any CPU.ActiveCfg = Debug|Any CPU
		{26B53F7F-CCDC-4BC6-9961-66D9203F2AC0}.Debug|Any CPU.Build.0 = Debug|Any CPU
		{26B53F7F-CCDC-4BC6-9961-66D9203F2AC0}.Release|Any CPU.ActiveCfg = Release|Any CPU
		{26B53F7F-CCDC-4BC6-9961-66D9203F2AC0}.Release|Any CPU.Build.0 = Release|Any CPU
		{5871EBBC-A7A5-4B72-9C03-210AE598CDF1}.Debug|Any CPU.ActiveCfg = Debug|Any CPU
		{5871EBBC-A7A5-4B72-9C03-210AE598CDF1}.Debug|Any CPU.Build.0 = Debug|Any CPU
		{5871EBBC-A7A5-4B72-9C03-210AE598CDF1}.Release|Any CPU.ActiveCfg = Release|Any CPU
		{5871EBBC-A7A5-4B72-9C03-210AE598CDF1}.Release|Any CPU.Build.0 = Release|Any CPU
	EndGlobalSection
	GlobalSection(SolutionProperties) = preSolution
		HideSolutionNode = FALSE
	EndGlobalSection
	GlobalSection(ExtensibilityGlobals) = postSolution
		SolutionGuid = {7711C762-61F2-4641-91B9-A46107B348DE}
	EndGlobalSection
EndGlobal
